
Microsoft Visual Studio Solution File, Format Version 12.00
# Visual Studio 15
VisualStudioVersion = 15.0.27428.2027
MinimumVisualStudioVersion = 10.0.40219.1
Project("{FAE04EC0-301F-11D3-BF4B-00C04F79EFBC}") = "JsonStorage.Web", "JsonStorage.Web\JsonStorage.Web.csproj", "{03E5F026-E8B7-4CC3-BB0A-E2C8FAE36A34}"
EndProject
Project("{FAE04EC0-301F-11D3-BF4B-00C04F79EFBC}") = "JsonStorage.Core", "JsonStorage.Core\JsonStorage.Core.csproj", "{BE638904-5CF4-415B-BBE6-F60D325F7AE0}"
EndProject
Global
	GlobalSection(SolutionConfigurationPlatforms) = preSolution
		Debug|Any CPU = Debug|Any CPU
		Release|Any CPU = Release|Any CPU
	EndGlobalSection
	GlobalSection(ProjectConfigurationPlatforms) = postSolution
		{03E5F026-E8B7-4CC3-BB0A-E2C8FAE36A34}.Debug|Any CPU.ActiveCfg = Debug|Any CPU
		{03E5F026-E8B7-4CC3-BB0A-E2C8FAE36A34}.Debug|Any CPU.Build.0 = Debug|Any CPU
		{03E5F026-E8B7-4CC3-BB0A-E2C8FAE36A34}.Release|Any CPU.ActiveCfg = Release|Any CPU
		{03E5F026-E8B7-4CC3-BB0A-E2C8FAE36A34}.Release|Any CPU.Build.0 = Release|Any CPU
		{BE638904-5CF4-415B-BBE6-F60D325F7AE0}.Debug|Any CPU.ActiveCfg = Debug|Any CPU
		{BE638904-5CF4-415B-BBE6-F60D325F7AE0}.Debug|Any CPU.Build.0 = Debug|Any CPU
		{BE638904-5CF4-415B-BBE6-F60D325F7AE0}.Release|Any CPU.ActiveCfg = Release|Any CPU
		{BE638904-5CF4-415B-BBE6-F60D325F7AE0}.Release|Any CPU.Build.0 = Release|Any CPU
	EndGlobalSection
	GlobalSection(SolutionProperties) = preSolution
		HideSolutionNode = FALSE
	EndGlobalSection
	GlobalSection(ExtensibilityGlobals) = postSolution
		SolutionGuid = {0B583ED8-58FA-4A23-A9D9-87761C6342B6}
	EndGlobalSection
EndGlobal
